// !$*UTF8*$!
{
	archiveVersion = 1;
	classes = {
	};
	objectVersion = 46;
	objects = {

/* Begin PBXBuildFile section */
		D56A43691DB0E35D0023935F /* main.swift in Sources */ = {isa = PBXBuildFile; fileRef = D56A43681DB0E35D0023935F /* main.swift */; };
		D56A43761DB0E4270023935F /* main.swift in Sources */ = {isa = PBXBuildFile; fileRef = D56A43751DB0E4270023935F /* main.swift */; };
/* End PBXBuildFile section */

/* Begin PBXCopyFilesBuildPhase section */
		D56A43631DB0E35D0023935F /* CopyFiles */ = {
			isa = PBXCopyFilesBuildPhase;
			buildActionMask = 2147483647;
			dstPath = /usr/share/man/man1/;
			dstSubfolderSpec = 0;
			files = (
			);
			runOnlyForDeploymentPostprocessing = 1;
		};
		D56A43711DB0E4270023935F /* CopyFiles */ = {
			isa = PBXCopyFilesBuildPhase;
			buildActionMask = 2147483647;
			dstPath = /usr/share/man/man1/;
			dstSubfolderSpec = 0;
			files = (
			);
			runOnlyForDeploymentPostprocessing = 1;
		};
/* End PBXCopyFilesBuildPhase section */

/* Begin PBXFileReference section */
		D56A43651DB0E35D0023935F /* leetcode */ = {isa = PBXFileReference; explicitFileType = "compiled.mach-o.executable"; includeInIndex = 0; path = leetcode; sourceTree = BUILT_PRODUCTS_DIR; };
		D56A43681DB0E35D0023935F /* main.swift */ = {isa = PBXFileReference; lastKnownFileType = sourcecode.swift; path = main.swift; sourceTree = "<group>"; };
		D56A43731DB0E4270023935F /* CountingBits */ = {isa = PBXFileReference; explicitFileType = "compiled.mach-o.executable"; includeInIndex = 0; path = CountingBits; sourceTree = BUILT_PRODUCTS_DIR; };
		D56A43751DB0E4270023935F /* main.swift */ = {isa = PBXFileReference; lastKnownFileType = sourcecode.swift; path = main.swift; sourceTree = "<group>"; };
/* End PBXFileReference section */

/* Begin PBXFrameworksBuildPhase section */
		D56A43621DB0E35D0023935F /* Frameworks */ = {
			isa = PBXFrameworksBuildPhase;
			buildActionMask = 2147483647;
			files = (
			);
			runOnlyForDeploymentPostprocessing = 0;
		};
		D56A43701DB0E4270023935F /* Frameworks */ = {
			isa = PBXFrameworksBuildPhase;
			buildActionMask = 2147483647;
			files = (
			);
			runOnlyForDeploymentPostprocessing = 0;
		};
/* End PBXFrameworksBuildPhase section */

/* Begin PBXGroup section */
		D56A435C1DB0E35D0023935F = {
			isa = PBXGroup;
			children = (
				D56A43671DB0E35D0023935F /* leetcode */,
				D56A43741DB0E4270023935F /* CountingBits */,
				D56A43661DB0E35D0023935F /* Products */,
			);
			sourceTree = "<group>";
		};
		D56A43661DB0E35D0023935F /* Products */ = {
			isa = PBXGroup;
			children = (
				D56A43651DB0E35D0023935F /* leetcode */,
				D56A43731DB0E4270023935F /* CountingBits */,
			);
			name = Products;
			sourceTree = "<group>";
		};
		D56A43671DB0E35D0023935F /* leetcode */ = {
			isa = PBXGroup;
			children = (
				D56A43681DB0E35D0023935F /* main.swift */,
			);
			path = leetcode;
			sourceTree = "<group>";
		};
		D56A43741DB0E4270023935F /* CountingBits */ = {
			isa = PBXGroup;
			children = (
				D56A43751DB0E4270023935F /* main.swift */,
			);
			path = CountingBits;
			sourceTree = "<group>";
		};
/* End PBXGroup section */

/* Begin PBXNativeTarget section */
		D56A43641DB0E35D0023935F /* leetcode */ = {
			isa = PBXNativeTarget;
			buildConfigurationList = D56A436C1DB0E35D0023935F /* Build configuration list for PBXNativeTarget "leetcode" */;
			buildPhases = (
				D56A43611DB0E35D0023935F /* Sources */,
				D56A43621DB0E35D0023935F /* Frameworks */,
				D56A43631DB0E35D0023935F /* CopyFiles */,
			);
			buildRules = (
			);
			dependencies = (
			);
			name = leetcode;
			productName = leetcode;
			productReference = D56A43651DB0E35D0023935F /* leetcode */;
			productType = "com.apple.product-type.tool";
		};
		D56A43721DB0E4270023935F /* CountingBits */ = {
			isa = PBXNativeTarget;
			buildConfigurationList = D56A43771DB0E4270023935F /* Build configuration list for PBXNativeTarget "CountingBits" */;
			buildPhases = (
				D56A436F1DB0E4270023935F /* Sources */,
				D56A43701DB0E4270023935F /* Frameworks */,
				D56A43711DB0E4270023935F /* CopyFiles */,
			);
			buildRules = (
			);
			dependencies = (
			);
			name = CountingBits;
			productName = CountingBits;
			productReference = D56A43731DB0E4270023935F /* CountingBits */;
			productType = "com.apple.product-type.tool";
		};
/* End PBXNativeTarget section */

/* Begin PBXProject section */
		D56A435D1DB0E35D0023935F /* Project object */ = {
			isa = PBXProject;
			attributes = {
				LastSwiftUpdateCheck = 0800;
				LastUpgradeCheck = 0800;
				ORGANIZATIONNAME = paladinfeng;
				TargetAttributes = {
					D56A43641DB0E35D0023935F = {
						CreatedOnToolsVersion = 8.0;
						DevelopmentTeam = SJ492NNCM7;
						ProvisioningStyle = Automatic;
					};
					D56A43721DB0E4270023935F = {
						CreatedOnToolsVersion = 8.0;
						DevelopmentTeam = SJ492NNCM7;
						ProvisioningStyle = Automatic;
					};
				};
			};
			buildConfigurationList = D56A43601DB0E35D0023935F /* Build configuration list for PBXProject "leetcode" */;
			compatibilityVersion = "Xcode 3.2";
			developmentRegion = English;
			hasScannedForEncodings = 0;
			knownRegions = (
				en,
			);
			mainGroup = D56A435C1DB0E35D0023935F;
			productRefGroup = D56A43661DB0E35D0023935F /* Products */;
			projectDirPath = "";
			projectRoot = "";
			targets = (
				D56A43641DB0E35D0023935F /* leetcode */,
				D56A43721DB0E4270023935F /* CountingBits */,
			);
		};
/* End PBXProject section */

/* Begin PBXSourcesBuildPhase section */
		D56A43611DB0E35D0023935F /* Sources */ = {
			isa = PBXSourcesBuildPhase;
			buildActionMask = 2147483647;
			files = (
				D56A43691DB0E35D0023935F /* main.swift in Sources */,
			);
			runOnlyForDeploymentPostprocessing = 0;
		};
		D56A436F1DB0E4270023935F /* Sources */ = {
			isa = PBXSourcesBuildPhase;
			buildActionMask = 2147483647;
			files = (
				D56A43761DB0E4270023935F /* main.swift in Sources */,
			);
			runOnlyForDeploymentPostprocessing = 0;
		};
/* End PBXSourcesBuildPhase section */

/* Begin XCBuildConfiguration section */
		D56A436A1DB0E35D0023935F /* Debug */ = {
			isa = XCBuildConfiguration;
			buildSettings = {
				ALWAYS_SEARCH_USER_PATHS = NO;
				CLANG_ANALYZER_NONNULL = YES;
				CLANG_CXX_LANGUAGE_STANDARD = "gnu++0x";
				CLANG_CXX_LIBRARY = "libc++";
				CLANG_ENABLE_MODULES = YES;
				CLANG_ENABLE_OBJC_ARC = YES;
				CLANG_WARN_BOOL_CONVERSION = YES;
				CLANG_WARN_CONSTANT_CONVERSION = YES;
				CLANG_WARN_DIRECT_OBJC_ISA_USAGE = YES_ERROR;
				CLANG_WARN_DOCUMENTATION_COMMENTS = YES;
				CLANG_WARN_EMPTY_BODY = YES;
				CLANG_WARN_ENUM_CONVERSION = YES;
				CLANG_WARN_INFINITE_RECURSION = YES;
				CLANG_WARN_INT_CONVERSION = YES;
				CLANG_WARN_OBJC_ROOT_CLASS = YES_ERROR;
				CLANG_WARN_SUSPICIOUS_MOVES = YES;
				CLANG_WARN_UNREACHABLE_CODE = YES;
				CLANG_WARN__DUPLICATE_METHOD_MATCH = YES;
				CODE_SIGN_IDENTITY = "-";
				COPY_PHASE_STRIP = NO;
				DEBUG_INFORMATION_FORMAT = dwarf;
				ENABLE_STRICT_OBJC_MSGSEND = YES;
				ENABLE_TESTABILITY = YES;
				GCC_C_LANGUAGE_STANDARD = gnu99;
				GCC_DYNAMIC_NO_PIC = NO;
				GCC_NO_COMMON_BLOCKS = YES;
				GCC_OPTIMIZATION_LEVEL = 0;
				GCC_PREPROCESSOR_DEFINITIONS = (
					"DEBUG=1",
					"$(inherited)",
				);
				GCC_WARN_64_TO_32_BIT_CONVERSION = YES;
				GCC_WARN_ABOUT_RETURN_TYPE = YES_ERROR;
				GCC_WARN_UNDECLARED_SELECTOR = YES;
				GCC_WARN_UNINITIALIZED_AUTOS = YES_AGGRESSIVE;
				GCC_WARN_UNUSED_FUNCTION = YES;
				GCC_WARN_UNUSED_VARIABLE = YES;
				MACOSX_DEPLOYMENT_TARGET = 10.12;
				MTL_ENABLE_DEBUG_INFO = YES;
				ONLY_ACTIVE_ARCH = YES;
				SDKROOT = macosx;
				SWIFT_OPTIMIZATION_LEVEL = "-Onone";
			};
			name = Debug;
		};
		D56A436B1DB0E35D0023935F /* Release */ = {
			isa = XCBuildConfiguration;
			buildSettings = {
				ALWAYS_SEARCH_USER_PATHS = NO;
				CLANG_ANALYZER_NONNULL = YES;
				CLANG_CXX_LANGUAGE_STANDARD = "gnu++0x";
				CLANG_CXX_LIBRARY = "libc++";
				CLANG_ENABLE_MODULES = YES;
				CLANG_ENABLE_OBJC_ARC = YES;
				CLANG_WARN_BOOL_CONVERSION = YES;
				CLANG_WARN_CONSTANT_CONVERSION = YES;
				CLANG_WARN_DIRECT_OBJC_ISA_USAGE = YES_ERROR;
				CLANG_WARN_DOCUMENTATION_COMMENTS = YES;
				CLANG_WARN_EMPTY_BODY = YES;
				CLANG_WARN_ENUM_CONVERSION = YES;
				CLANG_WARN_INFINITE_RECURSION = YES;
				CLANG_WARN_INT_CONVERSION = YES;
				CLANG_WARN_OBJC_ROOT_CLASS = YES_ERROR;
				CLANG_WARN_SUSPICIOUS_MOVES = YES;
				CLANG_WARN_UNREACHABLE_CODE = YES;
				CLANG_WARN__DUPLICATE_METHOD_MATCH = YES;
				CODE_SIGN_IDENTITY = "-";
				COPY_PHASE_STRIP = NO;
				DEBUG_INFORMATION_FORMAT = "dwarf-with-dsym";
				ENABLE_NS_ASSERTIONS = NO;
				ENABLE_STRICT_OBJC_MSGSEND = YES;
				GCC_C_LANGUAGE_STANDARD = gnu99;
				GCC_NO_COMMON_BLOCKS = YES;
				GCC_WARN_64_TO_32_BIT_CONVERSION = YES;
				GCC_WARN_ABOUT_RETURN_TYPE = YES_ERROR;
				GCC_WARN_UNDECLARED_SELECTOR = YES;
				GCC_WARN_UNINITIALIZED_AUTOS = YES_AGGRESSIVE;
				GCC_WARN_UNUSED_FUNCTION = YES;
				GCC_WARN_UNUSED_VARIABLE = YES;
				MACOSX_DEPLOYMENT_TARGET = 10.12;
				MTL_ENABLE_DEBUG_INFO = NO;
				SDKROOT = macosx;
			};
			name = Release;
		};
		D56A436D1DB0E35D0023935F /* Debug */ = {
			isa = XCBuildConfiguration;
			buildSettings = {
				DEVELOPMENT_TEAM = SJ492NNCM7;
				PRODUCT_NAME = "$(TARGET_NAME)";
				SWIFT_VERSION = 3.0;
			};
			name = Debug;
		};
		D56A436E1DB0E35D0023935F /* Release */ = {
			isa = XCBuildConfiguration;
			buildSettings = {
				DEVELOPMENT_TEAM = SJ492NNCM7;
				PRODUCT_NAME = "$(TARGET_NAME)";
				SWIFT_VERSION = 3.0;
			};
			name = Release;
		};
		D56A43781DB0E4270023935F /* Debug */ = {
			isa = XCBuildConfiguration;
			buildSettings = {
				DEVELOPMENT_TEAM = SJ492NNCM7;
				PRODUCT_NAME = "$(TARGET_NAME)";
				SWIFT_VERSION = 3.0;
			};
			name = Debug;
		};
		D56A43791DB0E4270023935F /* Release */ = {
			isa = XCBuildConfiguration;
			buildSettings = {
				DEVELOPMENT_TEAM = SJ492NNCM7;
				PRODUCT_NAME = "$(TARGET_NAME)";
				SWIFT_VERSION = 3.0;
			};
			name = Release;
		};
/* End XCBuildConfiguration section */

/* Begin XCConfigurationList section */
		D56A43601DB0E35D0023935F /* Build configuration list for PBXProject "leetcode" */ = {
			isa = XCConfigurationList;
			buildConfigurations = (
				D56A436A1DB0E35D0023935F /* Debug */,
				D56A436B1DB0E35D0023935F /* Release */,
			);
			defaultConfigurationIsVisible = 0;
			defaultConfigurationName = Release;
		};
		D56A436C1DB0E35D0023935F /* Build configuration list for PBXNativeTarget "leetcode" */ = {
			isa = XCConfigurationList;
			buildConfigurations = (
				D56A436D1DB0E35D0023935F /* Debug */,
				D56A436E1DB0E35D0023935F /* Release */,
			);
			defaultConfigurationIsVisible = 0;
		};
		D56A43771DB0E4270023935F /* Build configuration list for PBXNativeTarget "CountingBits" */ = {
			isa = XCConfigurationList;
			buildConfigurations = (
				D56A43781DB0E4270023935F /* Debug */,
				D56A43791DB0E4270023935F /* Release */,
			);
			defaultConfigurationIsVisible = 0;
		};
/* End XCConfigurationList section */
	};
	rootObject = D56A435D1DB0E35D0023935F /* Project object */;
}
